
Microsoft Visual Studio Solution File, Format Version 12.00
# Visual Studio Version 16
VisualStudioVersion = 16.0.31410.357
MinimumVisualStudioVersion = 10.0.40219.1
Project("{FAE04EC0-301F-11D3-BF4B-00C04F79EFBC}") = "Day-8ComputeEmployeeWages", "Day-8ComputeEmployeeWages\Day-8ComputeEmployeeWages.csproj", "{7F25C01D-9B0F-41B9-813B-51BF795C8312}"
EndProject
Global
	GlobalSection(SolutionConfigurationPlatforms) = preSolution
		Debug|Any CPU = Debug|Any CPU
		Release|Any CPU = Release|Any CPU
	EndGlobalSection
	GlobalSection(ProjectConfigurationPlatforms) = postSolution
		{7F25C01D-9B0F-41B9-813B-51BF795C8312}.Debug|Any CPU.ActiveCfg = Debug|Any CPU
		{7F25C01D-9B0F-41B9-813B-51BF795C8312}.Debug|Any CPU.Build.0 = Debug|Any CPU
		{7F25C01D-9B0F-41B9-813B-51BF795C8312}.Release|Any CPU.ActiveCfg = Release|Any CPU
		{7F25C01D-9B0F-41B9-813B-51BF795C8312}.Release|Any CPU.Build.0 = Release|Any CPU
	EndGlobalSection
	GlobalSection(SolutionProperties) = preSolution
		HideSolutionNode = FALSE
	EndGlobalSection
	GlobalSection(ExtensibilityGlobals) = postSolution
		SolutionGuid = {7D142C57-85E3-4D23-902C-7EFFC200C17B}
	EndGlobalSection
EndGlobal
